
Microsoft Visual Studio Solution File, Format Version 12.00
# Visual Studio 14
VisualStudioVersion = 14.0.25420.1
MinimumVisualStudioVersion = 10.0.40219.1
Project("{FAE04EC0-301F-11D3-BF4B-00C04F79EFBC}") = "SmartHome", "SmartHome\SmartHome.csproj", "{9A157DF7-7B7F-4F06-A2CC-CCF10F0C0A58}"
EndProject
Project("{FAE04EC0-301F-11D3-BF4B-00C04F79EFBC}") = "SmartHome_ConsoleApp", "SmartHome_ConsoleApp\SmartHome_ConsoleApp.csproj", "{1D3E17FE-11D1-470A-9FFD-86FD402C00CA}"
EndProject
Global
	GlobalSection(SolutionConfigurationPlatforms) = preSolution
		Debug|Any CPU = Debug|Any CPU
		Release|Any CPU = Release|Any CPU
	EndGlobalSection
	GlobalSection(ProjectConfigurationPlatforms) = postSolution
		{9A157DF7-7B7F-4F06-A2CC-CCF10F0C0A58}.Debug|Any CPU.ActiveCfg = Debug|Any CPU
		{9A157DF7-7B7F-4F06-A2CC-CCF10F0C0A58}.Debug|Any CPU.Build.0 = Debug|Any CPU
		{9A157DF7-7B7F-4F06-A2CC-CCF10F0C0A58}.Release|Any CPU.ActiveCfg = Release|Any CPU
		{9A157DF7-7B7F-4F06-A2CC-CCF10F0C0A58}.Release|Any CPU.Build.0 = Release|Any CPU
		{1D3E17FE-11D1-470A-9FFD-86FD402C00CA}.Debug|Any CPU.ActiveCfg = Debug|Any CPU
		{1D3E17FE-11D1-470A-9FFD-86FD402C00CA}.Debug|Any CPU.Build.0 = Debug|Any CPU
		{1D3E17FE-11D1-470A-9FFD-86FD402C00CA}.Release|Any CPU.ActiveCfg = Release|Any CPU
		{1D3E17FE-11D1-470A-9FFD-86FD402C00CA}.Release|Any CPU.Build.0 = Release|Any CPU
	EndGlobalSection
	GlobalSection(SolutionProperties) = preSolution
		HideSolutionNode = FALSE
	EndGlobalSection
EndGlobal
